
Microsoft Visual Studio Solution File, Format Version 12.00
# Visual Studio Version 17
VisualStudioVersion = 17.10.35122.118
MinimumVisualStudioVersion = 10.0.40219.1
Project("{FAE04EC0-301F-11D3-BF4B-00C04F79EFBC}") = "MovieStore", "MovieStore\MovieStore.csproj", "{A4993BA5-5113-431E-9090-F30E855F2151}"
EndProject
Project("{FAE04EC0-301F-11D3-BF4B-00C04F79EFBC}") = "TestsMovieStore", "TestsMovieStore\TestsMovieStore.csproj", "{F0936C49-F7DD-4A8F-8EF3-4EFC43289E40}"
EndProject
Global
	GlobalSection(SolutionConfigurationPlatforms) = preSolution
		Debug|Any CPU = Debug|Any CPU
		Release|Any CPU = Release|Any CPU
	EndGlobalSection
	GlobalSection(ProjectConfigurationPlatforms) = postSolution
		{A4993BA5-5113-431E-9090-F30E855F2151}.Debug|Any CPU.ActiveCfg = Debug|Any CPU
		{A4993BA5-5113-431E-9090-F30E855F2151}.Debug|Any CPU.Build.0 = Debug|Any CPU
		{A4993BA5-5113-431E-9090-F30E855F2151}.Release|Any CPU.ActiveCfg = Release|Any CPU
		{A4993BA5-5113-431E-9090-F30E855F2151}.Release|Any CPU.Build.0 = Release|Any CPU
		{F0936C49-F7DD-4A8F-8EF3-4EFC43289E40}.Debug|Any CPU.ActiveCfg = Debug|Any CPU
		{F0936C49-F7DD-4A8F-8EF3-4EFC43289E40}.Debug|Any CPU.Build.0 = Debug|Any CPU
		{F0936C49-F7DD-4A8F-8EF3-4EFC43289E40}.Release|Any CPU.ActiveCfg = Release|Any CPU
		{F0936C49-F7DD-4A8F-8EF3-4EFC43289E40}.Release|Any CPU.Build.0 = Release|Any CPU
	EndGlobalSection
	GlobalSection(SolutionProperties) = preSolution
		HideSolutionNode = FALSE
	EndGlobalSection
	GlobalSection(ExtensibilityGlobals) = postSolution
		SolutionGuid = {4428042B-A940-4E06-B305-84C34FCC80ED}
	EndGlobalSection
EndGlobal
